
Microsoft Visual Studio Solution File, Format Version 12.00
# Visual Studio Version 17
VisualStudioVersion = 17.8.34525.116
MinimumVisualStudioVersion = 10.0.40219.1
Project("{2150E333-8FDC-42A3-9474-1A3956D46DE8}") = "01 Apis", "01 Apis", "{E8F11388-FF63-479C-B988-C755298B1B59}"
EndProject
Project("{2150E333-8FDC-42A3-9474-1A3956D46DE8}") = "02 Busniess", "02 Busniess", "{55063172-ED74-44F7-8DCC-70989B76C8CC}"
EndProject
Project("{2150E333-8FDC-42A3-9474-1A3956D46DE8}") = "03 Services", "03 Services", "{2F8A4A0C-73F2-4E65-AE51-9139BB2C7B07}"
EndProject
Project("{2150E333-8FDC-42A3-9474-1A3956D46DE8}") = "04 Repository", "04 Repository", "{BD7A9505-A2DE-4876-A3D6-7FD6093C4A16}"
EndProject
Project("{2150E333-8FDC-42A3-9474-1A3956D46DE8}") = "05 Models", "05 Models", "{0722FE18-A274-4D5B-B8A1-5AB5A314F839}"
EndProject
Project("{2150E333-8FDC-42A3-9474-1A3956D46DE8}") = "06 Util", "06 Util", "{CDA60563-4748-4D1E-AA77-03D73A07326A}"
EndProject
Project("{9A19103F-16F7-4668-BE54-9A1E7A4F7556}") = "LibreriaYazzAPI", "LibreriaYazzAPI\LibreriaYazzAPI.csproj", "{662E6C80-F24C-4581-981E-A36E771AE4BD}"
EndProject
Project("{9A19103F-16F7-4668-BE54-9A1E7A4F7556}") = "Busniess", "Busniess\Busniess.csproj", "{9B64FEF7-0601-486D-A2B9-C7316B65D3C9}"
EndProject
Project("{9A19103F-16F7-4668-BE54-9A1E7A4F7556}") = "IBusniess", "IBusniess\IBusniess.csproj", "{4DEAC213-29A6-4D3B-8528-7D07285D08A1}"
EndProject
Project("{9A19103F-16F7-4668-BE54-9A1E7A4F7556}") = "Service", "Service\Service.csproj", "{86E6227C-0A17-44EF-87E0-FA639283A07A}"
EndProject
Project("{9A19103F-16F7-4668-BE54-9A1E7A4F7556}") = "IService", "IService\IService.csproj", "{B66A31C3-3FCB-4E0F-AC55-F69E5FA40379}"
EndProject
Project("{9A19103F-16F7-4668-BE54-9A1E7A4F7556}") = "Repository", "Repository\Repository.csproj", "{236E3AA7-A837-40A8-8266-B174EE2F9D66}"
EndProject
Project("{9A19103F-16F7-4668-BE54-9A1E7A4F7556}") = "IRepository", "IRepository\IRepository.csproj", "{421F5511-857C-43EB-8337-1FF13B49BB41}"
EndProject
Project("{9A19103F-16F7-4668-BE54-9A1E7A4F7556}") = "UtilAutoMapper", "UtilAutoMaper\UtilAutoMapper.csproj", "{75F4EE8E-5B08-4E78-94DB-E856D39975A3}"
EndProject
Project("{9A19103F-16F7-4668-BE54-9A1E7A4F7556}") = "UtilConstants", "UtilConstants\UtilConstants.csproj", "{EF8E6647-1888-4B73-A2B0-894986E185E6}"
EndProject
Project("{9A19103F-16F7-4668-BE54-9A1E7A4F7556}") = "UtilSecurity", "UtilSecurity\UtilSecurity.csproj", "{24AD084C-28EF-4A61-A01C-0B9A88F751C7}"
EndProject
Project("{2150E333-8FDC-42A3-9474-1A3956D46DE8}") = "DBModel", "DBModel", "{B88D836D-6189-426B-8674-B4359279E6FA}"
EndProject
Project("{9A19103F-16F7-4668-BE54-9A1E7A4F7556}") = "RequestResponse", "RequestResponse\RequestResponse.csproj", "{F8960C06-5330-428E-8ECD-07B1073C2B5F}"
EndProject
Project("{9A19103F-16F7-4668-BE54-9A1E7A4F7556}") = "CommonModel", "CommonModel\CommonModel.csproj", "{49FB72AB-22B1-4C33-9755-04062EAE020C}"
EndProject
Project("{9A19103F-16F7-4668-BE54-9A1E7A4F7556}") = "DBLibreria", "DBLibreria\DBLibreria.csproj", "{2EE3D2D0-3E48-44D8-8B2E-C6ADC4BACD96}"
EndProject
Global
	GlobalSection(SolutionConfigurationPlatforms) = preSolution
		Debug|Any CPU = Debug|Any CPU
		Release|Any CPU = Release|Any CPU
	EndGlobalSection
	GlobalSection(ProjectConfigurationPlatforms) = postSolution
		{662E6C80-F24C-4581-981E-A36E771AE4BD}.Debug|Any CPU.ActiveCfg = Debug|Any CPU
		{662E6C80-F24C-4581-981E-A36E771AE4BD}.Debug|Any CPU.Build.0 = Debug|Any CPU
		{662E6C80-F24C-4581-981E-A36E771AE4BD}.Release|Any CPU.ActiveCfg = Release|Any CPU
		{662E6C80-F24C-4581-981E-A36E771AE4BD}.Release|Any CPU.Build.0 = Release|Any CPU
		{9B64FEF7-0601-486D-A2B9-C7316B65D3C9}.Debug|Any CPU.ActiveCfg = Debug|Any CPU
		{9B64FEF7-0601-486D-A2B9-C7316B65D3C9}.Debug|Any CPU.Build.0 = Debug|Any CPU
		{9B64FEF7-0601-486D-A2B9-C7316B65D3C9}.Release|Any CPU.ActiveCfg = Release|Any CPU
		{9B64FEF7-0601-486D-A2B9-C7316B65D3C9}.Release|Any CPU.Build.0 = Release|Any CPU
		{4DEAC213-29A6-4D3B-8528-7D07285D08A1}.Debug|Any CPU.ActiveCfg = Debug|Any CPU
		{4DEAC213-29A6-4D3B-8528-7D07285D08A1}.Debug|Any CPU.Build.0 = Debug|Any CPU
		{4DEAC213-29A6-4D3B-8528-7D07285D08A1}.Release|Any CPU.ActiveCfg = Release|Any CPU
		{4DEAC213-29A6-4D3B-8528-7D07285D08A1}.Release|Any CPU.Build.0 = Release|Any CPU
		{86E6227C-0A17-44EF-87E0-FA639283A07A}.Debug|Any CPU.ActiveCfg = Debug|Any CPU
		{86E6227C-0A17-44EF-87E0-FA639283A07A}.Debug|Any CPU.Build.0 = Debug|Any CPU
		{86E6227C-0A17-44EF-87E0-FA639283A07A}.Release|Any CPU.ActiveCfg = Release|Any CPU
		{86E6227C-0A17-44EF-87E0-FA639283A07A}.Release|Any CPU.Build.0 = Release|Any CPU
		{B66A31C3-3FCB-4E0F-AC55-F69E5FA40379}.Debug|Any CPU.ActiveCfg = Debug|Any CPU
		{B66A31C3-3FCB-4E0F-AC55-F69E5FA40379}.Debug|Any CPU.Build.0 = Debug|Any CPU
		{B66A31C3-3FCB-4E0F-AC55-F69E5FA40379}.Release|Any CPU.ActiveCfg = Release|Any CPU
		{B66A31C3-3FCB-4E0F-AC55-F69E5FA40379}.Release|Any CPU.Build.0 = Release|Any CPU
		{236E3AA7-A837-40A8-8266-B174EE2F9D66}.Debug|Any CPU.ActiveCfg = Debug|Any CPU
		{236E3AA7-A837-40A8-8266-B174EE2F9D66}.Debug|Any CPU.Build.0 = Debug|Any CPU
		{236E3AA7-A837-40A8-8266-B174EE2F9D66}.Release|Any CPU.ActiveCfg = Release|Any CPU
		{236E3AA7-A837-40A8-8266-B174EE2F9D66}.Release|Any CPU.Build.0 = Release|Any CPU
		{421F5511-857C-43EB-8337-1FF13B49BB41}.Debug|Any CPU.ActiveCfg = Debug|Any CPU
		{421F5511-857C-43EB-8337-1FF13B49BB41}.Debug|Any CPU.Build.0 = Debug|Any CPU
		{421F5511-857C-43EB-8337-1FF13B49BB41}.Release|Any CPU.ActiveCfg = Release|Any CPU
		{421F5511-857C-43EB-8337-1FF13B49BB41}.Release|Any CPU.Build.0 = Release|Any CPU
		{75F4EE8E-5B08-4E78-94DB-E856D39975A3}.Debug|Any CPU.ActiveCfg = Debug|Any CPU
		{75F4EE8E-5B08-4E78-94DB-E856D39975A3}.Debug|Any CPU.Build.0 = Debug|Any CPU
		{75F4EE8E-5B08-4E78-94DB-E856D39975A3}.Release|Any CPU.ActiveCfg = Release|Any CPU
		{75F4EE8E-5B08-4E78-94DB-E856D39975A3}.Release|Any CPU.Build.0 = Release|Any CPU
		{EF8E6647-1888-4B73-A2B0-894986E185E6}.Debug|Any CPU.ActiveCfg = Debug|Any CPU
		{EF8E6647-1888-4B73-A2B0-894986E185E6}.Debug|Any CPU.Build.0 = Debug|Any CPU
		{EF8E6647-1888-4B73-A2B0-894986E185E6}.Release|Any CPU.ActiveCfg = Release|Any CPU
		{EF8E6647-1888-4B73-A2B0-894986E185E6}.Release|Any CPU.Build.0 = Release|Any CPU
		{24AD084C-28EF-4A61-A01C-0B9A88F751C7}.Debug|Any CPU.ActiveCfg = Debug|Any CPU
		{24AD084C-28EF-4A61-A01C-0B9A88F751C7}.Debug|Any CPU.Build.0 = Debug|Any CPU
		{24AD084C-28EF-4A61-A01C-0B9A88F751C7}.Release|Any CPU.ActiveCfg = Release|Any CPU
		{24AD084C-28EF-4A61-A01C-0B9A88F751C7}.Release|Any CPU.Build.0 = Release|Any CPU
		{F8960C06-5330-428E-8ECD-07B1073C2B5F}.Debug|Any CPU.ActiveCfg = Debug|Any CPU
		{F8960C06-5330-428E-8ECD-07B1073C2B5F}.Debug|Any CPU.Build.0 = Debug|Any CPU
		{F8960C06-5330-428E-8ECD-07B1073C2B5F}.Release|Any CPU.ActiveCfg = Release|Any CPU
		{F8960C06-5330-428E-8ECD-07B1073C2B5F}.Release|Any CPU.Build.0 = Release|Any CPU
		{49FB72AB-22B1-4C33-9755-04062EAE020C}.Debug|Any CPU.ActiveCfg = Debug|Any CPU
		{49FB72AB-22B1-4C33-9755-04062EAE020C}.Debug|Any CPU.Build.0 = Debug|Any CPU
		{49FB72AB-22B1-4C33-9755-04062EAE020C}.Release|Any CPU.ActiveCfg = Release|Any CPU
		{49FB72AB-22B1-4C33-9755-04062EAE020C}.Release|Any CPU.Build.0 = Release|Any CPU
		{2EE3D2D0-3E48-44D8-8B2E-C6ADC4BACD96}.Debug|Any CPU.ActiveCfg = Debug|Any CPU
		{2EE3D2D0-3E48-44D8-8B2E-C6ADC4BACD96}.Debug|Any CPU.Build.0 = Debug|Any CPU
		{2EE3D2D0-3E48-44D8-8B2E-C6ADC4BACD96}.Release|Any CPU.ActiveCfg = Release|Any CPU
		{2EE3D2D0-3E48-44D8-8B2E-C6ADC4BACD96}.Release|Any CPU.Build.0 = Release|Any CPU
	EndGlobalSection
	GlobalSection(SolutionProperties) = preSolution
		HideSolutionNode = FALSE
	EndGlobalSection
	GlobalSection(NestedProjects) = preSolution
		{662E6C80-F24C-4581-981E-A36E771AE4BD} = {E8F11388-FF63-479C-B988-C755298B1B59}
		{9B64FEF7-0601-486D-A2B9-C7316B65D3C9} = {55063172-ED74-44F7-8DCC-70989B76C8CC}
		{4DEAC213-29A6-4D3B-8528-7D07285D08A1} = {55063172-ED74-44F7-8DCC-70989B76C8CC}
		{86E6227C-0A17-44EF-87E0-FA639283A07A} = {2F8A4A0C-73F2-4E65-AE51-9139BB2C7B07}
		{B66A31C3-3FCB-4E0F-AC55-F69E5FA40379} = {2F8A4A0C-73F2-4E65-AE51-9139BB2C7B07}
		{236E3AA7-A837-40A8-8266-B174EE2F9D66} = {BD7A9505-A2DE-4876-A3D6-7FD6093C4A16}
		{421F5511-857C-43EB-8337-1FF13B49BB41} = {BD7A9505-A2DE-4876-A3D6-7FD6093C4A16}
		{75F4EE8E-5B08-4E78-94DB-E856D39975A3} = {CDA60563-4748-4D1E-AA77-03D73A07326A}
		{EF8E6647-1888-4B73-A2B0-894986E185E6} = {CDA60563-4748-4D1E-AA77-03D73A07326A}
		{24AD084C-28EF-4A61-A01C-0B9A88F751C7} = {CDA60563-4748-4D1E-AA77-03D73A07326A}
		{B88D836D-6189-426B-8674-B4359279E6FA} = {0722FE18-A274-4D5B-B8A1-5AB5A314F839}
		{F8960C06-5330-428E-8ECD-07B1073C2B5F} = {0722FE18-A274-4D5B-B8A1-5AB5A314F839}
		{49FB72AB-22B1-4C33-9755-04062EAE020C} = {0722FE18-A274-4D5B-B8A1-5AB5A314F839}
		{2EE3D2D0-3E48-44D8-8B2E-C6ADC4BACD96} = {B88D836D-6189-426B-8674-B4359279E6FA}
	EndGlobalSection
	GlobalSection(ExtensibilityGlobals) = postSolution
		SolutionGuid = {3408CC41-C7F2-4419-B48D-D405868A432B}
	EndGlobalSection
EndGlobal
